
Microsoft Visual Studio Solution File, Format Version 12.00
# Visual Studio 15
VisualStudioVersion = 15.0.26430.16
MinimumVisualStudioVersion = 10.0.40219.1
Project("{FAE04EC0-301F-11D3-BF4B-00C04F79EFBC}") = "TeeSharp", "TeeSharp\TeeSharp.csproj", "{A5E8A54C-0FE3-4803-BBC2-60EC0EC9CE12}"
EndProject
Project("{FAE04EC0-301F-11D3-BF4B-00C04F79EFBC}") = "Examples.BasicServer", "Examples\Examples.BasicServer\Examples.BasicServer.csproj", "{3F69DA17-5BAF-4941-AE70-E052CD4A2407}"
	ProjectSection(ProjectDependencies) = postProject
		{A5E8A54C-0FE3-4803-BBC2-60EC0EC9CE12} = {A5E8A54C-0FE3-4803-BBC2-60EC0EC9CE12}
	EndProjectSection
EndProject
Global
	GlobalSection(SolutionConfigurationPlatforms) = preSolution
		Debug|Any CPU = Debug|Any CPU
		Release|Any CPU = Release|Any CPU
	EndGlobalSection
	GlobalSection(ProjectConfigurationPlatforms) = postSolution
		{A5E8A54C-0FE3-4803-BBC2-60EC0EC9CE12}.Debug|Any CPU.ActiveCfg = Debug|Any CPU
		{A5E8A54C-0FE3-4803-BBC2-60EC0EC9CE12}.Debug|Any CPU.Build.0 = Debug|Any CPU
		{A5E8A54C-0FE3-4803-BBC2-60EC0EC9CE12}.Release|Any CPU.ActiveCfg = Release|Any CPU
		{A5E8A54C-0FE3-4803-BBC2-60EC0EC9CE12}.Release|Any CPU.Build.0 = Release|Any CPU
		{3F69DA17-5BAF-4941-AE70-E052CD4A2407}.Debug|Any CPU.ActiveCfg = Debug|Any CPU
		{3F69DA17-5BAF-4941-AE70-E052CD4A2407}.Debug|Any CPU.Build.0 = Debug|Any CPU
		{3F69DA17-5BAF-4941-AE70-E052CD4A2407}.Release|Any CPU.ActiveCfg = Release|Any CPU
		{3F69DA17-5BAF-4941-AE70-E052CD4A2407}.Release|Any CPU.Build.0 = Release|Any CPU
	EndGlobalSection
	GlobalSection(SolutionProperties) = preSolution
		HideSolutionNode = FALSE
	EndGlobalSection
EndGlobal
