
Microsoft Visual Studio Solution File, Format Version 12.00
Project("{FAE04EC0-301F-11D3-BF4B-00C04F79EFBC}") = "Examples.DefaultServer", "Examples\Examples.DefaultServer\Examples.DefaultServer.csproj", "{8A45BB91-43F7-4A42-88BF-028B370B0678}"
EndProject
Project("{FAE04EC0-301F-11D3-BF4B-00C04F79EFBC}") = "TeeSharp.MasterServer", "TeeSharp.MasterServer\TeeSharp.MasterServer.csproj", "{DF798239-1D0E-4B36-BF9D-EDDA9416D8F5}"
EndProject
Project("{FAE04EC0-301F-11D3-BF4B-00C04F79EFBC}") = "TeeSharp.Network", "TeeSharp.Network\TeeSharp.Network.csproj", "{4DA8D19B-93D4-4684-9683-B2EF0A0E4A03}"
EndProject
Project("{FAE04EC0-301F-11D3-BF4B-00C04F79EFBC}") = "Examples.ServerBrowser", "Examples\Examples.ServerBrowser\Examples.ServerBrowser.csproj", "{7553FFEE-835D-4C4F-8223-A61222B0701F}"
EndProject
Project("{FAE04EC0-301F-11D3-BF4B-00C04F79EFBC}") = "TeeSharp.Benchmark", "TeeSharp.Benchmark\TeeSharp.Benchmark.csproj", "{B63E7907-90BE-4CA0-9DB3-D6D747D9D2EA}"
EndProject
Project("{FAE04EC0-301F-11D3-BF4B-00C04F79EFBC}") = "TeeSharp.Tests", "TeeSharp.Tests\TeeSharp.Tests.csproj", "{5DF44D63-6F26-4BC4-8D06-6BBE2BC4242E}"
EndProject
Project("{FAE04EC0-301F-11D3-BF4B-00C04F79EFBC}") = "TeeSharp.Core", "TeeSharp.Core\TeeSharp.Core.csproj", "{A1EC5498-6AC0-4051-9A6B-2EA25EFC6BBD}"
EndProject
Project("{FAE04EC0-301F-11D3-BF4B-00C04F79EFBC}") = "TeeSharp.Common", "TeeSharp.Common\TeeSharp.Common.csproj", "{D3D391A8-E95B-46DB-B3B3-F4B07CB0AD3C}"
EndProject
Project("{FAE04EC0-301F-11D3-BF4B-00C04F79EFBC}") = "TeeSharp.Map", "TeeSharp.Map\TeeSharp.Map.csproj", "{CA2F68CD-9621-4C2F-A605-D6A2F6CC9133}"
EndProject
Project("{FAE04EC0-301F-11D3-BF4B-00C04F79EFBC}") = "Examples.Map", "Examples\Examples.Map\Examples.Map.csproj", "{E905796E-7301-4439-B7E0-80B8FE1327A3}"
EndProject
Project("{2150E333-8FDC-42A3-9474-1A3956D46DE8}") = "Examples", "Examples", "{45A2FF2A-0495-4D63-BACD-FAB97ACC2AA9}"
EndProject
Project("{FAE04EC0-301F-11D3-BF4B-00C04F79EFBC}") = "TeeSharp.Server", "TeeSharp.Server\TeeSharp.Server.csproj", "{8D14BD01-DC0C-452E-ACA5-A8FF7AA15913}"
EndProject
EndProject
Global
	GlobalSection(SolutionConfigurationPlatforms) = preSolution
		Debug|Any CPU = Debug|Any CPU
		Release|Any CPU = Release|Any CPU
	EndGlobalSection
	GlobalSection(ProjectConfigurationPlatforms) = postSolution
		{8A45BB91-43F7-4A42-88BF-028B370B0678}.Debug|Any CPU.ActiveCfg = Debug|Any CPU
		{8A45BB91-43F7-4A42-88BF-028B370B0678}.Debug|Any CPU.Build.0 = Debug|Any CPU
		{8A45BB91-43F7-4A42-88BF-028B370B0678}.Release|Any CPU.ActiveCfg = Release|Any CPU
		{8A45BB91-43F7-4A42-88BF-028B370B0678}.Release|Any CPU.Build.0 = Release|Any CPU
		{DF798239-1D0E-4B36-BF9D-EDDA9416D8F5}.Debug|Any CPU.ActiveCfg = Debug|Any CPU
		{DF798239-1D0E-4B36-BF9D-EDDA9416D8F5}.Debug|Any CPU.Build.0 = Debug|Any CPU
		{DF798239-1D0E-4B36-BF9D-EDDA9416D8F5}.Release|Any CPU.ActiveCfg = Release|Any CPU
		{DF798239-1D0E-4B36-BF9D-EDDA9416D8F5}.Release|Any CPU.Build.0 = Release|Any CPU
		{4DA8D19B-93D4-4684-9683-B2EF0A0E4A03}.Debug|Any CPU.ActiveCfg = Debug|Any CPU
		{4DA8D19B-93D4-4684-9683-B2EF0A0E4A03}.Debug|Any CPU.Build.0 = Debug|Any CPU
		{4DA8D19B-93D4-4684-9683-B2EF0A0E4A03}.Release|Any CPU.ActiveCfg = Release|Any CPU
		{4DA8D19B-93D4-4684-9683-B2EF0A0E4A03}.Release|Any CPU.Build.0 = Release|Any CPU
		{7553FFEE-835D-4C4F-8223-A61222B0701F}.Debug|Any CPU.ActiveCfg = Debug|Any CPU
		{7553FFEE-835D-4C4F-8223-A61222B0701F}.Debug|Any CPU.Build.0 = Debug|Any CPU
		{7553FFEE-835D-4C4F-8223-A61222B0701F}.Release|Any CPU.ActiveCfg = Release|Any CPU
		{7553FFEE-835D-4C4F-8223-A61222B0701F}.Release|Any CPU.Build.0 = Release|Any CPU
		{B63E7907-90BE-4CA0-9DB3-D6D747D9D2EA}.Debug|Any CPU.ActiveCfg = Debug|Any CPU
		{B63E7907-90BE-4CA0-9DB3-D6D747D9D2EA}.Debug|Any CPU.Build.0 = Debug|Any CPU
		{B63E7907-90BE-4CA0-9DB3-D6D747D9D2EA}.Release|Any CPU.ActiveCfg = Release|Any CPU
		{B63E7907-90BE-4CA0-9DB3-D6D747D9D2EA}.Release|Any CPU.Build.0 = Release|Any CPU
		{5DF44D63-6F26-4BC4-8D06-6BBE2BC4242E}.Debug|Any CPU.ActiveCfg = Debug|Any CPU
		{5DF44D63-6F26-4BC4-8D06-6BBE2BC4242E}.Debug|Any CPU.Build.0 = Debug|Any CPU
		{5DF44D63-6F26-4BC4-8D06-6BBE2BC4242E}.Release|Any CPU.ActiveCfg = Release|Any CPU
		{5DF44D63-6F26-4BC4-8D06-6BBE2BC4242E}.Release|Any CPU.Build.0 = Release|Any CPU
		{A1EC5498-6AC0-4051-9A6B-2EA25EFC6BBD}.Debug|Any CPU.ActiveCfg = Debug|Any CPU
		{A1EC5498-6AC0-4051-9A6B-2EA25EFC6BBD}.Debug|Any CPU.Build.0 = Debug|Any CPU
		{A1EC5498-6AC0-4051-9A6B-2EA25EFC6BBD}.Release|Any CPU.ActiveCfg = Release|Any CPU
		{A1EC5498-6AC0-4051-9A6B-2EA25EFC6BBD}.Release|Any CPU.Build.0 = Release|Any CPU
		{D3D391A8-E95B-46DB-B3B3-F4B07CB0AD3C}.Debug|Any CPU.ActiveCfg = Debug|Any CPU
		{D3D391A8-E95B-46DB-B3B3-F4B07CB0AD3C}.Debug|Any CPU.Build.0 = Debug|Any CPU
		{D3D391A8-E95B-46DB-B3B3-F4B07CB0AD3C}.Release|Any CPU.ActiveCfg = Release|Any CPU
		{D3D391A8-E95B-46DB-B3B3-F4B07CB0AD3C}.Release|Any CPU.Build.0 = Release|Any CPU
		{CA2F68CD-9621-4C2F-A605-D6A2F6CC9133}.Debug|Any CPU.ActiveCfg = Debug|Any CPU
		{CA2F68CD-9621-4C2F-A605-D6A2F6CC9133}.Debug|Any CPU.Build.0 = Debug|Any CPU
		{CA2F68CD-9621-4C2F-A605-D6A2F6CC9133}.Release|Any CPU.ActiveCfg = Release|Any CPU
		{CA2F68CD-9621-4C2F-A605-D6A2F6CC9133}.Release|Any CPU.Build.0 = Release|Any CPU
		{0ED48AFD-BCC6-453A-A849-08CF0E47B76E}.Debug|Any CPU.ActiveCfg = Debug|Any CPU
		{0ED48AFD-BCC6-453A-A849-08CF0E47B76E}.Debug|Any CPU.Build.0 = Debug|Any CPU
		{0ED48AFD-BCC6-453A-A849-08CF0E47B76E}.Release|Any CPU.ActiveCfg = Release|Any CPU
		{0ED48AFD-BCC6-453A-A849-08CF0E47B76E}.Release|Any CPU.Build.0 = Release|Any CPU
		{E905796E-7301-4439-B7E0-80B8FE1327A3}.Debug|Any CPU.ActiveCfg = Debug|Any CPU
		{E905796E-7301-4439-B7E0-80B8FE1327A3}.Debug|Any CPU.Build.0 = Debug|Any CPU
		{E905796E-7301-4439-B7E0-80B8FE1327A3}.Release|Any CPU.ActiveCfg = Release|Any CPU
		{E905796E-7301-4439-B7E0-80B8FE1327A3}.Release|Any CPU.Build.0 = Release|Any CPU
		{8D14BD01-DC0C-452E-ACA5-A8FF7AA15913}.Debug|Any CPU.ActiveCfg = Debug|Any CPU
		{8D14BD01-DC0C-452E-ACA5-A8FF7AA15913}.Debug|Any CPU.Build.0 = Debug|Any CPU
		{8D14BD01-DC0C-452E-ACA5-A8FF7AA15913}.Release|Any CPU.ActiveCfg = Release|Any CPU
		{8D14BD01-DC0C-452E-ACA5-A8FF7AA15913}.Release|Any CPU.Build.0 = Release|Any CPU
	EndGlobalSection
	GlobalSection(NestedProjects) = preSolution
		{8A45BB91-43F7-4A42-88BF-028B370B0678} = {45A2FF2A-0495-4D63-BACD-FAB97ACC2AA9}
		{E905796E-7301-4439-B7E0-80B8FE1327A3} = {45A2FF2A-0495-4D63-BACD-FAB97ACC2AA9}
		{7553FFEE-835D-4C4F-8223-A61222B0701F} = {45A2FF2A-0495-4D63-BACD-FAB97ACC2AA9}
	EndGlobalSection
EndGlobal
